
Microsoft Visual Studio Solution File, Format Version 12.00
# Visual Studio Version 17
VisualStudioVersion = 17.6.33815.320
MinimumVisualStudioVersion = 10.0.40219.1
Project("{8BC9CEB8-8B4A-11D0-8D11-00A0C91BC942}") = "SecondExercise", "SecondExercise.vcxproj", "{9F5C7FC2-BE19-44CE-A952-DB1AC1FEC013}"
EndProject
Global
	GlobalSection(SolutionConfigurationPlatforms) = preSolution
		Debug|x64 = Debug|x64
		Debug|x86 = Debug|x86
		Release|x64 = Release|x64
		Release|x86 = Release|x86
	EndGlobalSection
	GlobalSection(ProjectConfigurationPlatforms) = postSolution
		{9F5C7FC2-BE19-44CE-A952-DB1AC1FEC013}.Debug|x64.ActiveCfg = Debug|x64
		{9F5C7FC2-BE19-44CE-A952-DB1AC1FEC013}.Debug|x64.Build.0 = Debug|x64
		{9F5C7FC2-BE19-44CE-A952-DB1AC1FEC013}.Debug|x86.ActiveCfg = Debug|Win32
		{9F5C7FC2-BE19-44CE-A952-DB1AC1FEC013}.Debug|x86.Build.0 = Debug|Win32
		{9F5C7FC2-BE19-44CE-A952-DB1AC1FEC013}.Release|x64.ActiveCfg = Release|x64
		{9F5C7FC2-BE19-44CE-A952-DB1AC1FEC013}.Release|x64.Build.0 = Release|x64
		{9F5C7FC2-BE19-44CE-A952-DB1AC1FEC013}.Release|x86.ActiveCfg = Release|Win32
		{9F5C7FC2-BE19-44CE-A952-DB1AC1FEC013}.Release|x86.Build.0 = Release|Win32
	EndGlobalSection
	GlobalSection(SolutionProperties) = preSolution
		HideSolutionNode = FALSE
	EndGlobalSection
	GlobalSection(ExtensibilityGlobals) = postSolution
		SolutionGuid = {5AF19DC4-6AC7-4D05-97B3-4E719DEC0E54}
	EndGlobalSection
EndGlobal
